// !$*UTF8*$!
{
	archiveVersion = 1;
	classes = {
	};
	objectVersion = 50;
	objects = {

/* Begin PBXBuildFile section */
		B2005F82262BF07400133A0D /* AppDelegate.swift in Sources */ = {isa = PBXBuildFile; fileRef = B2005F81262BF07400133A0D /* AppDelegate.swift */; };
		B2005F86262BF07400133A0D /* MVPSearchController.swift in Sources */ = {isa = PBXBuildFile; fileRef = B2005F85262BF07400133A0D /* MVPSearchController.swift */; };
		B2005F89262BF07400133A0D /* Main.storyboard in Resources */ = {isa = PBXBuildFile; fileRef = B2005F87262BF07400133A0D /* Main.storyboard */; };
		B2005F8B262BF07800133A0D /* Assets.xcassets in Resources */ = {isa = PBXBuildFile; fileRef = B2005F8A262BF07800133A0D /* Assets.xcassets */; };
		B2005F8E262BF07800133A0D /* LaunchScreen.storyboard in Resources */ = {isa = PBXBuildFile; fileRef = B2005F8C262BF07800133A0D /* LaunchScreen.storyboard */; };
		B2005FCC262BF2E800133A0D /* RepoCell.swift in Sources */ = {isa = PBXBuildFile; fileRef = B2005FCA262BF2E800133A0D /* RepoCell.swift */; };
		B2005FCD262BF2E800133A0D /* RepoCell.xib in Resources */ = {isa = PBXBuildFile; fileRef = B2005FCB262BF2E800133A0D /* RepoCell.xib */; };
		B2005FD8262C03C000133A0D /* Repository.swift in Sources */ = {isa = PBXBuildFile; fileRef = B2005FD7262C03C000133A0D /* Repository.swift */; };
		B2005FDD262C053C00133A0D /* GitHubAPI.swift in Sources */ = {isa = PBXBuildFile; fileRef = B2005FDC262C053C00133A0D /* GitHubAPI.swift */; };
		B2005FE2262C0C7C00133A0D /* GitHubPresenter.swift in Sources */ = {isa = PBXBuildFile; fileRef = B2005FE1262C0C7C00133A0D /* GitHubPresenter.swift */; };
		B220FDBD2637183400DFB1E3 /* WebViewController.swift in Sources */ = {isa = PBXBuildFile; fileRef = B220FDBC2637183400DFB1E3 /* WebViewController.swift */; };
		B220FDC52637184D00DFB1E3 /* Web.storyboard in Resources */ = {isa = PBXBuildFile; fileRef = B220FDC42637184D00DFB1E3 /* Web.storyboard */; };
		B220FDCC2637377D00DFB1E3 /* WebPresenter.swift in Sources */ = {isa = PBXBuildFile; fileRef = B220FDCB2637377D00DFB1E3 /* WebPresenter.swift */; };
		B2766D24263D112300ABC5D5 /* Router.swift in Sources */ = {isa = PBXBuildFile; fileRef = B2766D23263D112300ABC5D5 /* Router.swift */; };
/* End PBXBuildFile section */

/* Begin PBXContainerItemProxy section */
		B2005F95262BF07800133A0D /* PBXContainerItemProxy */ = {
			isa = PBXContainerItemProxy;
			containerPortal = B2005F76262BF07400133A0D /* Project object */;
			proxyType = 1;
			remoteGlobalIDString = B2005F7D262BF07400133A0D;
			remoteInfo = SampleMVP;
		};
		B2005FA0262BF07800133A0D /* PBXContainerItemProxy */ = {
			isa = PBXContainerItemProxy;
			containerPortal = B2005F76262BF07400133A0D /* Project object */;
			proxyType = 1;
			remoteGlobalIDString = B2005F7D262BF07400133A0D;
			remoteInfo = SampleMVP;
		};
/* End PBXContainerItemProxy section */

/* Begin PBXFileReference section */
		B2005F81262BF07400133A0D /* AppDelegate.swift */ = {isa = PBXFileReference; lastKnownFileType = sourcecode.swift; path = AppDelegate.swift; sourceTree = "<group>"; };
		B2005F85262BF07400133A0D /* MVPSearchController.swift */ = {isa = PBXFileReference; lastKnownFileType = sourcecode.swift; path = MVPSearchController.swift; sourceTree = "<group>"; };
		B2005F88262BF07400133A0D /* Base */ = {isa = PBXFileReference; lastKnownFileType = file.storyboard; name = Base; path = Base.lproj/Main.storyboard; sourceTree = "<group>"; };
		B2005F8A262BF07800133A0D /* Assets.xcassets */ = {isa = PBXFileReference; lastKnownFileType = folder.assetcatalog; path = Assets.xcassets; sourceTree = "<group>"; };
		B2005F8D262BF07800133A0D /* Base */ = {isa = PBXFileReference; lastKnownFileType = file.storyboard; name = Base; path = Base.lproj/LaunchScreen.storyboard; sourceTree = "<group>"; };
		B2005F8F262BF07800133A0D /* Info.plist */ = {isa = PBXFileReference; lastKnownFileType = text.plist.xml; path = Info.plist; sourceTree = "<group>"; };
		B2005FCA262BF2E800133A0D /* RepoCell.swift */ = {isa = PBXFileReference; lastKnownFileType = sourcecode.swift; name = RepoCell.swift; path = VC/RepoCell.swift; sourceTree = "<group>"; };
		B2005FCB262BF2E800133A0D /* RepoCell.xib */ = {isa = PBXFileReference; lastKnownFileType = file.xib; name = RepoCell.xib; path = VC/RepoCell.xib; sourceTree = "<group>"; };
		B2005FD1262BF35B00133A0D /* SampleMVP.app */ = {isa = PBXFileReference; explicitFileType = wrapper.application; includeInIndex = 0; path = SampleMVP.app; sourceTree = BUILT_PRODUCTS_DIR; };
		B2005FD7262C03C000133A0D /* Repository.swift */ = {isa = PBXFileReference; lastKnownFileType = sourcecode.swift; path = Repository.swift; sourceTree = "<group>"; };
		B2005FDC262C053C00133A0D /* GitHubAPI.swift */ = {isa = PBXFileReference; lastKnownFileType = sourcecode.swift; path = GitHubAPI.swift; sourceTree = "<group>"; };
		B2005FE1262C0C7C00133A0D /* GitHubPresenter.swift */ = {isa = PBXFileReference; lastKnownFileType = sourcecode.swift; path = GitHubPresenter.swift; sourceTree = "<group>"; };
		B220FDBC2637183400DFB1E3 /* WebViewController.swift */ = {isa = PBXFileReference; lastKnownFileType = sourcecode.swift; path = WebViewController.swift; sourceTree = "<group>"; };
		B220FDC42637184D00DFB1E3 /* Web.storyboard */ = {isa = PBXFileReference; lastKnownFileType = file.storyboard; path = Web.storyboard; sourceTree = "<group>"; };
		B220FDCB2637377D00DFB1E3 /* WebPresenter.swift */ = {isa = PBXFileReference; lastKnownFileType = sourcecode.swift; path = WebPresenter.swift; sourceTree = "<group>"; };
		B2766D23263D112300ABC5D5 /* Router.swift */ = {isa = PBXFileReference; lastKnownFileType = sourcecode.swift; path = Router.swift; sourceTree = "<group>"; };
		B2766D44263E5E3700ABC5D5 /* SampleMVPTests.xctest */ = {isa = PBXFileReference; explicitFileType = wrapper.cfbundle; includeInIndex = 0; name = SampleMVPTests.xctest; path = "/Users/toya/Desktop/SampleMVP/SampleMVP/build/Debug-iphoneos/SampleMVPTests.xctest"; sourceTree = "<absolute>"; };
		B2766D45263E5E3700ABC5D5 /* SampleMVPUITests.xctest */ = {isa = PBXFileReference; explicitFileType = wrapper.cfbundle; includeInIndex = 0; name = SampleMVPUITests.xctest; path = "/Users/toya/Desktop/SampleMVP/SampleMVP/build/Debug-iphoneos/SampleMVPUITests.xctest"; sourceTree = "<absolute>"; };
/* End PBXFileReference section */

/* Begin PBXFrameworksBuildPhase section */
		B2005F7B262BF07400133A0D /* Frameworks */ = {
			isa = PBXFrameworksBuildPhase;
			buildActionMask = 2147483647;
			files = (
			);
			runOnlyForDeploymentPostprocessing = 0;
		};
		B2005F91262BF07800133A0D /* Frameworks */ = {
			isa = PBXFrameworksBuildPhase;
			buildActionMask = 2147483647;
			files = (
			);
			runOnlyForDeploymentPostprocessing = 0;
		};
		B2005F9C262BF07800133A0D /* Frameworks */ = {
			isa = PBXFrameworksBuildPhase;
			buildActionMask = 2147483647;
			files = (
			);
			runOnlyForDeploymentPostprocessing = 0;
		};
/* End PBXFrameworksBuildPhase section */

/* Begin PBXGroup section */
		B2005F75262BF07400133A0D = {
			isa = PBXGroup;
			children = (
				B2005F80262BF07400133A0D /* SampleMVP */,
				B2005FD1262BF35B00133A0D /* SampleMVP.app */,
			);
			sourceTree = "<group>";
		};
		B2005F80262BF07400133A0D /* SampleMVP */ = {
			isa = PBXGroup;
			children = (
				B2005FBA262BF16800133A0D /* App */,
				B2005FB6262BF0C400133A0D /* MVP */,
				B2005FC1262BF18F00133A0D /* Utility */,
				B2005F8C262BF07800133A0D /* LaunchScreen.storyboard */,
				B220FDAE263717F000DFB1E3 /* Web */,
				B2005F8A262BF07800133A0D /* Assets.xcassets */,
				B2005F8F262BF07800133A0D /* Info.plist */,
			);
			path = SampleMVP;
			sourceTree = "<group>";
		};
		B2005FB6262BF0C400133A0D /* MVP */ = {
			isa = PBXGroup;
			children = (
				B2005FB9262BF0E700133A0D /* View */,
				B2005FB8262BF0DA00133A0D /* Presenter */,
				B2005FB7262BF0D100133A0D /* Model */,
			);
			path = MVP;
			sourceTree = "<group>";
		};
		B2005FB7262BF0D100133A0D /* Model */ = {
			isa = PBXGroup;
			children = (
				B2005FD7262C03C000133A0D /* Repository.swift */,
			);
			name = Model;
			sourceTree = "<group>";
		};
		B2005FB8262BF0DA00133A0D /* Presenter */ = {
			isa = PBXGroup;
			children = (
				B2005FE1262C0C7C00133A0D /* GitHubPresenter.swift */,
			);
			path = Presenter;
			sourceTree = "<group>";
		};
		B2005FB9262BF0E700133A0D /* View */ = {
			isa = PBXGroup;
			children = (
				B2005FC9262BF27B00133A0D /* Cell */,
				B2005FC8262BF26C00133A0D /* VC */,
			);
			name = View;
			sourceTree = "<group>";
		};
		B2005FBA262BF16800133A0D /* App */ = {
			isa = PBXGroup;
			children = (
				B2005F81262BF07400133A0D /* AppDelegate.swift */,
			);
			path = App;
			sourceTree = "<group>";
		};
		B2005FC1262BF18F00133A0D /* Utility */ = {
			isa = PBXGroup;
			children = (
				B2005FDC262C053C00133A0D /* GitHubAPI.swift */,
				B2766D23263D112300ABC5D5 /* Router.swift */,
			);
			path = Utility;
			sourceTree = "<group>";
		};
		B2005FC8262BF26C00133A0D /* VC */ = {
			isa = PBXGroup;
			children = (
				B2005F85262BF07400133A0D /* MVPSearchController.swift */,
				B2005F87262BF07400133A0D /* Main.storyboard */,
			);
			path = VC;
			sourceTree = "<group>";
		};
		B2005FC9262BF27B00133A0D /* Cell */ = {
			isa = PBXGroup;
			children = (
				B2005FCA262BF2E800133A0D /* RepoCell.swift */,
				B2005FCB262BF2E800133A0D /* RepoCell.xib */,
			);
			name = Cell;
			sourceTree = "<group>";
		};
		B220FDAE263717F000DFB1E3 /* Web */ = {
			isa = PBXGroup;
			children = (
				B220FDBC2637183400DFB1E3 /* WebViewController.swift */,
				B220FDCB2637377D00DFB1E3 /* WebPresenter.swift */,
				B220FDC42637184D00DFB1E3 /* Web.storyboard */,
			);
			path = Web;
			sourceTree = "<group>";
		};
/* End PBXGroup section */

/* Begin PBXNativeTarget section */
		B2005F7D262BF07400133A0D /* SampleMVP */ = {
			isa = PBXNativeTarget;
			buildConfigurationList = B2005FA8262BF07800133A0D /* Build configuration list for PBXNativeTarget "SampleMVP" */;
			buildPhases = (
				B2005F7A262BF07400133A0D /* Sources */,
				B2005F7B262BF07400133A0D /* Frameworks */,
				B2005F7C262BF07400133A0D /* Resources */,
			);
			buildRules = (
			);
			dependencies = (
			);
			name = SampleMVP;
			productName = SampleMVP;
			productReference = B2005FD1262BF35B00133A0D /* SampleMVP.app */;
			productType = "com.apple.product-type.application";
		};
		B2005F93262BF07800133A0D /* SampleMVPTests */ = {
			isa = PBXNativeTarget;
			buildConfigurationList = B2005FAB262BF07800133A0D /* Build configuration list for PBXNativeTarget "SampleMVPTests" */;
			buildPhases = (
				B2005F90262BF07800133A0D /* Sources */,
				B2005F91262BF07800133A0D /* Frameworks */,
				B2005F92262BF07800133A0D /* Resources */,
			);
			buildRules = (
			);
			dependencies = (
				B2005F96262BF07800133A0D /* PBXTargetDependency */,
			);
			name = SampleMVPTests;
			productName = SampleMVPTests;
			productReference = B2766D44263E5E3700ABC5D5 /* SampleMVPTests.xctest */;
			productType = "com.apple.product-type.bundle.unit-test";
		};
		B2005F9E262BF07800133A0D /* SampleMVPUITests */ = {
			isa = PBXNativeTarget;
			buildConfigurationList = B2005FAE262BF07800133A0D /* Build configuration list for PBXNativeTarget "SampleMVPUITests" */;
			buildPhases = (
				B2005F9B262BF07800133A0D /* Sources */,
				B2005F9C262BF07800133A0D /* Frameworks */,
				B2005F9D262BF07800133A0D /* Resources */,
			);
			buildRules = (
			);
			dependencies = (
				B2005FA1262BF07800133A0D /* PBXTargetDependency */,
			);
			name = SampleMVPUITests;
			productName = SampleMVPUITests;
			productReference = B2766D45263E5E3700ABC5D5 /* SampleMVPUITests.xctest */;
			productType = "com.apple.product-type.bundle.ui-testing";
		};
/* End PBXNativeTarget section */

/* Begin PBXProject section */
		B2005F76262BF07400133A0D /* Project object */ = {
			isa = PBXProject;
			attributes = {
				LastSwiftUpdateCheck = 1220;
				LastUpgradeCheck = 1220;
				TargetAttributes = {
					B2005F7D262BF07400133A0D = {
						CreatedOnToolsVersion = 12.2;
					};
					B2005F93262BF07800133A0D = {
						CreatedOnToolsVersion = 12.2;
						TestTargetID = B2005F7D262BF07400133A0D;
					};
					B2005F9E262BF07800133A0D = {
						CreatedOnToolsVersion = 12.2;
						TestTargetID = B2005F7D262BF07400133A0D;
					};
				};
			};
			buildConfigurationList = B2005F79262BF07400133A0D /* Build configuration list for PBXProject "SampleMVP" */;
			compatibilityVersion = "Xcode 9.3";
			developmentRegion = en;
			hasScannedForEncodings = 0;
			knownRegions = (
				en,
				Base,
			);
			mainGroup = B2005F75262BF07400133A0D;
			productRefGroup = B2005F75262BF07400133A0D;
			projectDirPath = "";
			projectRoot = "";
			targets = (
				B2005F7D262BF07400133A0D /* SampleMVP */,
				B2005F93262BF07800133A0D /* SampleMVPTests */,
				B2005F9E262BF07800133A0D /* SampleMVPUITests */,
			);
		};
/* End PBXProject section */

/* Begin PBXResourcesBuildPhase section */
		B2005F7C262BF07400133A0D /* Resources */ = {
			isa = PBXResourcesBuildPhase;
			buildActionMask = 2147483647;
			files = (
				B2005F8E262BF07800133A0D /* LaunchScreen.storyboard in Resources */,
				B2005F8B262BF07800133A0D /* Assets.xcassets in Resources */,
				B2005F89262BF07400133A0D /* Main.storyboard in Resources */,
				B2005FCD262BF2E800133A0D /* RepoCell.xib in Resources */,
				B220FDC52637184D00DFB1E3 /* Web.storyboard in Resources */,
			);
			runOnlyForDeploymentPostprocessing = 0;
		};
		B2005F92262BF07800133A0D /* Resources */ = {
			isa = PBXResourcesBuildPhase;
			buildActionMask = 2147483647;
			files = (
			);
			runOnlyForDeploymentPostprocessing = 0;
		};
		B2005F9D262BF07800133A0D /* Resources */ = {
			isa = PBXResourcesBuildPhase;
			buildActionMask = 2147483647;
			files = (
			);
			runOnlyForDeploymentPostprocessing = 0;
		};
/* End PBXResourcesBuildPhase section */

/* Begin PBXSourcesBuildPhase section */
		B2005F7A262BF07400133A0D /* Sources */ = {
			isa = PBXSourcesBuildPhase;
			buildActionMask = 2147483647;
			files = (
				B2005FE2262C0C7C00133A0D /* GitHubPresenter.swift in Sources */,
				B2005F86262BF07400133A0D /* MVPSearchController.swift in Sources */,
				B2766D24263D112300ABC5D5 /* Router.swift in Sources */,
				B2005FDD262C053C00133A0D /* GitHubAPI.swift in Sources */,
				B2005F82262BF07400133A0D /* AppDelegate.swift in Sources */,
				B2005FD8262C03C000133A0D /* Repository.swift in Sources */,
				B220FDCC2637377D00DFB1E3 /* WebPresenter.swift in Sources */,
				B2005FCC262BF2E800133A0D /* RepoCell.swift in Sources */,
				B220FDBD2637183400DFB1E3 /* WebViewController.swift in Sources */,
			);
			runOnlyForDeploymentPostprocessing = 0;
		};
		B2005F90262BF07800133A0D /* Sources */ = {
			isa = PBXSourcesBuildPhase;
			buildActionMask = 2147483647;
			files = (
			);
			runOnlyForDeploymentPostprocessing = 0;
		};
		B2005F9B262BF07800133A0D /* Sources */ = {
			isa = PBXSourcesBuildPhase;
			buildActionMask = 2147483647;
			files = (
			);
			runOnlyForDeploymentPostprocessing = 0;
		};
/* End PBXSourcesBuildPhase section */

/* Begin PBXTargetDependency section */
		B2005F96262BF07800133A0D /* PBXTargetDependency */ = {
			isa = PBXTargetDependency;
			target = B2005F7D262BF07400133A0D /* SampleMVP */;
			targetProxy = B2005F95262BF07800133A0D /* PBXContainerItemProxy */;
		};
		B2005FA1262BF07800133A0D /* PBXTargetDependency */ = {
			isa = PBXTargetDependency;
			target = B2005F7D262BF07400133A0D /* SampleMVP */;
			targetProxy = B2005FA0262BF07800133A0D /* PBXContainerItemProxy */;
		};
/* End PBXTargetDependency section */

/* Begin PBXVariantGroup section */
		B2005F87262BF07400133A0D /* Main.storyboard */ = {
			isa = PBXVariantGroup;
			children = (
				B2005F88262BF07400133A0D /* Base */,
			);
			name = Main.storyboard;
			sourceTree = "<group>";
		};
		B2005F8C262BF07800133A0D /* LaunchScreen.storyboard */ = {
			isa = PBXVariantGroup;
			children = (
				B2005F8D262BF07800133A0D /* Base */,
			);
			name = LaunchScreen.storyboard;
			sourceTree = "<group>";
		};
/* End PBXVariantGroup section */

/* Begin XCBuildConfiguration section */
		B2005FA6262BF07800133A0D /* Debug */ = {
			isa = XCBuildConfiguration;
			buildSettings = {
				ALWAYS_SEARCH_USER_PATHS = NO;
				CLANG_ANALYZER_NONNULL = YES;
				CLANG_ANALYZER_NUMBER_OBJECT_CONVERSION = YES_AGGRESSIVE;
				CLANG_CXX_LANGUAGE_STANDARD = "gnu++14";
				CLANG_CXX_LIBRARY = "libc++";
				CLANG_ENABLE_MODULES = YES;
				CLANG_ENABLE_OBJC_ARC = YES;
				CLANG_ENABLE_OBJC_WEAK = YES;
				CLANG_WARN_BLOCK_CAPTURE_AUTORELEASING = YES;
				CLANG_WARN_BOOL_CONVERSION = YES;
				CLANG_WARN_COMMA = YES;
				CLANG_WARN_CONSTANT_CONVERSION = YES;
				CLANG_WARN_DEPRECATED_OBJC_IMPLEMENTATIONS = YES;
				CLANG_WARN_DIRECT_OBJC_ISA_USAGE = YES_ERROR;
				CLANG_WARN_DOCUMENTATION_COMMENTS = YES;
				CLANG_WARN_EMPTY_BODY = YES;
				CLANG_WARN_ENUM_CONVERSION = YES;
				CLANG_WARN_INFINITE_RECURSION = YES;
				CLANG_WARN_INT_CONVERSION = YES;
				CLANG_WARN_NON_LITERAL_NULL_CONVERSION = YES;
				CLANG_WARN_OBJC_IMPLICIT_RETAIN_SELF = YES;
				CLANG_WARN_OBJC_LITERAL_CONVERSION = YES;
				CLANG_WARN_OBJC_ROOT_CLASS = YES_ERROR;
				CLANG_WARN_QUOTED_INCLUDE_IN_FRAMEWORK_HEADER = YES;
				CLANG_WARN_RANGE_LOOP_ANALYSIS = YES;
				CLANG_WARN_STRICT_PROTOTYPES = YES;
				CLANG_WARN_SUSPICIOUS_MOVE = YES;
				CLANG_WARN_UNGUARDED_AVAILABILITY = YES_AGGRESSIVE;
				CLANG_WARN_UNREACHABLE_CODE = YES;
				CLANG_WARN__DUPLICATE_METHOD_MATCH = YES;
				COPY_PHASE_STRIP = NO;
				DEBUG_INFORMATION_FORMAT = dwarf;
				ENABLE_STRICT_OBJC_MSGSEND = YES;
				ENABLE_TESTABILITY = YES;
				GCC_C_LANGUAGE_STANDARD = gnu11;
				GCC_DYNAMIC_NO_PIC = NO;
				GCC_NO_COMMON_BLOCKS = YES;
				GCC_OPTIMIZATION_LEVEL = 0;
				GCC_PREPROCESSOR_DEFINITIONS = (
					"DEBUG=1",
					"$(inherited)",
				);
				GCC_WARN_64_TO_32_BIT_CONVERSION = YES;
				GCC_WARN_ABOUT_RETURN_TYPE = YES_ERROR;
				GCC_WARN_UNDECLARED_SELECTOR = YES;
				GCC_WARN_UNINITIALIZED_AUTOS = YES_AGGRESSIVE;
				GCC_WARN_UNUSED_FUNCTION = YES;
				GCC_WARN_UNUSED_VARIABLE = YES;
				IPHONEOS_DEPLOYMENT_TARGET = 14.2;
				MTL_ENABLE_DEBUG_INFO = INCLUDE_SOURCE;
				MTL_FAST_MATH = YES;
				ONLY_ACTIVE_ARCH = YES;
				SDKROOT = iphoneos;
				SWIFT_ACTIVE_COMPILATION_CONDITIONS = DEBUG;
				SWIFT_OPTIMIZATION_LEVEL = "-Onone";
			};
			name = Debug;
		};
		B2005FA7262BF07800133A0D /* Release */ = {
			isa = XCBuildConfiguration;
			buildSettings = {
				ALWAYS_SEARCH_USER_PATHS = NO;
				CLANG_ANALYZER_NONNULL = YES;
				CLANG_ANALYZER_NUMBER_OBJECT_CONVERSION = YES_AGGRESSIVE;
				CLANG_CXX_LANGUAGE_STANDARD = "gnu++14";
				CLANG_CXX_LIBRARY = "libc++";
				CLANG_ENABLE_MODULES = YES;
				CLANG_ENABLE_OBJC_ARC = YES;
				CLANG_ENABLE_OBJC_WEAK = YES;
				CLANG_WARN_BLOCK_CAPTURE_AUTORELEASING = YES;
				CLANG_WARN_BOOL_CONVERSION = YES;
				CLANG_WARN_COMMA = YES;
				CLANG_WARN_CONSTANT_CONVERSION = YES;
				CLANG_WARN_DEPRECATED_OBJC_IMPLEMENTATIONS = YES;
				CLANG_WARN_DIRECT_OBJC_ISA_USAGE = YES_ERROR;
				CLANG_WARN_DOCUMENTATION_COMMENTS = YES;
				CLANG_WARN_EMPTY_BODY = YES;
				CLANG_WARN_ENUM_CONVERSION = YES;
				CLANG_WARN_INFINITE_RECURSION = YES;
				CLANG_WARN_INT_CONVERSION = YES;
				CLANG_WARN_NON_LITERAL_NULL_CONVERSION = YES;
				CLANG_WARN_OBJC_IMPLICIT_RETAIN_SELF = YES;
				CLANG_WARN_OBJC_LITERAL_CONVERSION = YES;
				CLANG_WARN_OBJC_ROOT_CLASS = YES_ERROR;
				CLANG_WARN_QUOTED_INCLUDE_IN_FRAMEWORK_HEADER = YES;
				CLANG_WARN_RANGE_LOOP_ANALYSIS = YES;
				CLANG_WARN_STRICT_PROTOTYPES = YES;
				CLANG_WARN_SUSPICIOUS_MOVE = YES;
				CLANG_WARN_UNGUARDED_AVAILABILITY = YES_AGGRESSIVE;
				CLANG_WARN_UNREACHABLE_CODE = YES;
				CLANG_WARN__DUPLICATE_METHOD_MATCH = YES;
				COPY_PHASE_STRIP = NO;
				DEBUG_INFORMATION_FORMAT = "dwarf-with-dsym";
				ENABLE_NS_ASSERTIONS = NO;
				ENABLE_STRICT_OBJC_MSGSEND = YES;
				GCC_C_LANGUAGE_STANDARD = gnu11;
				GCC_NO_COMMON_BLOCKS = YES;
				GCC_WARN_64_TO_32_BIT_CONVERSION = YES;
				GCC_WARN_ABOUT_RETURN_TYPE = YES_ERROR;
				GCC_WARN_UNDECLARED_SELECTOR = YES;
				GCC_WARN_UNINITIALIZED_AUTOS = YES_AGGRESSIVE;
				GCC_WARN_UNUSED_FUNCTION = YES;
				GCC_WARN_UNUSED_VARIABLE = YES;
				IPHONEOS_DEPLOYMENT_TARGET = 14.2;
				MTL_ENABLE_DEBUG_INFO = NO;
				MTL_FAST_MATH = YES;
				SDKROOT = iphoneos;
				SWIFT_COMPILATION_MODE = wholemodule;
				SWIFT_OPTIMIZATION_LEVEL = "-O";
				VALIDATE_PRODUCT = YES;
			};
			name = Release;
		};
		B2005FA9262BF07800133A0D /* Debug */ = {
			isa = XCBuildConfiguration;
			buildSettings = {
				ASSETCATALOG_COMPILER_APPICON_NAME = AppIcon;
				ASSETCATALOG_COMPILER_GLOBAL_ACCENT_COLOR_NAME = AccentColor;
				CODE_SIGN_STYLE = Automatic;
				DEVELOPMENT_TEAM = JBN38UMB62;
				INFOPLIST_FILE = SampleMVP/Info.plist;
				IPHONEOS_DEPLOYMENT_TARGET = 12.0;
				LD_RUNPATH_SEARCH_PATHS = (
					"$(inherited)",
					"@executable_path/Frameworks",
				);
				PRODUCT_BUNDLE_IDENTIFIER = jp.techacademy.toya.miura.SampleMVP;
				PRODUCT_NAME = "$(TARGET_NAME)";
				SWIFT_VERSION = 5.0;
				TARGETED_DEVICE_FAMILY = "1,2";
			};
			name = Debug;
		};
		B2005FAA262BF07800133A0D /* Release */ = {
			isa = XCBuildConfiguration;
			buildSettings = {
				ASSETCATALOG_COMPILER_APPICON_NAME = AppIcon;
				ASSETCATALOG_COMPILER_GLOBAL_ACCENT_COLOR_NAME = AccentColor;
				CODE_SIGN_STYLE = Automatic;
				DEVELOPMENT_TEAM = JBN38UMB62;
				INFOPLIST_FILE = SampleMVP/Info.plist;
				IPHONEOS_DEPLOYMENT_TARGET = 12.0;
				LD_RUNPATH_SEARCH_PATHS = (
					"$(inherited)",
					"@executable_path/Frameworks",
				);
				PRODUCT_BUNDLE_IDENTIFIER = jp.techacademy.toya.miura.SampleMVP;
				PRODUCT_NAME = "$(TARGET_NAME)";
				SWIFT_VERSION = 5.0;
				TARGETED_DEVICE_FAMILY = "1,2";
			};
			name = Release;
		};
		B2005FAC262BF07800133A0D /* Debug */ = {
			isa = XCBuildConfiguration;
			buildSettings = {
				ALWAYS_EMBED_SWIFT_STANDARD_LIBRARIES = YES;
				BUNDLE_LOADER = "$(TEST_HOST)";
				CODE_SIGN_STYLE = Automatic;
				DEVELOPMENT_TEAM = JBN38UMB62;
				INFOPLIST_FILE = SampleMVPTests/Info.plist;
				IPHONEOS_DEPLOYMENT_TARGET = 14.2;
				LD_RUNPATH_SEARCH_PATHS = (
					"$(inherited)",
					"@executable_path/Frameworks",
					"@loader_path/Frameworks",
				);
				PRODUCT_BUNDLE_IDENTIFIER = jp.techacademy.toya.miura.SampleMVPTests;
				PRODUCT_NAME = "$(TARGET_NAME)";
				SWIFT_VERSION = 5.0;
				TARGETED_DEVICE_FAMILY = "1,2";
				TEST_HOST = "$(BUILT_PRODUCTS_DIR)/SampleMVP.app/SampleMVP";
			};
			name = Debug;
		};
		B2005FAD262BF07800133A0D /* Release */ = {
			isa = XCBuildConfiguration;
			buildSettings = {
				ALWAYS_EMBED_SWIFT_STANDARD_LIBRARIES = YES;
				BUNDLE_LOADER = "$(TEST_HOST)";
				CODE_SIGN_STYLE = Automatic;
				DEVELOPMENT_TEAM = JBN38UMB62;
				INFOPLIST_FILE = SampleMVPTests/Info.plist;
				IPHONEOS_DEPLOYMENT_TARGET = 14.2;
				LD_RUNPATH_SEARCH_PATHS = (
					"$(inherited)",
					"@executable_path/Frameworks",
					"@loader_path/Frameworks",
				);
				PRODUCT_BUNDLE_IDENTIFIER = jp.techacademy.toya.miura.SampleMVPTests;
				PRODUCT_NAME = "$(TARGET_NAME)";
				SWIFT_VERSION = 5.0;
				TARGETED_DEVICE_FAMILY = "1,2";
				TEST_HOST = "$(BUILT_PRODUCTS_DIR)/SampleMVP.app/SampleMVP";
			};
			name = Release;
		};
		B2005FAF262BF07800133A0D /* Debug */ = {
			isa = XCBuildConfiguration;
			buildSettings = {
				ALWAYS_EMBED_SWIFT_STANDARD_LIBRARIES = YES;
				CODE_SIGN_STYLE = Automatic;
				DEVELOPMENT_TEAM = JBN38UMB62;
				INFOPLIST_FILE = SampleMVPUITests/Info.plist;
				LD_RUNPATH_SEARCH_PATHS = (
					"$(inherited)",
					"@executable_path/Frameworks",
					"@loader_path/Frameworks",
				);
				PRODUCT_BUNDLE_IDENTIFIER = jp.techacademy.toya.miura.SampleMVPUITests;
				PRODUCT_NAME = "$(TARGET_NAME)";
				SWIFT_VERSION = 5.0;
				TARGETED_DEVICE_FAMILY = "1,2";
				TEST_TARGET_NAME = SampleMVP;
			};
			name = Debug;
		};
		B2005FB0262BF07800133A0D /* Release */ = {
			isa = XCBuildConfiguration;
			buildSettings = {
				ALWAYS_EMBED_SWIFT_STANDARD_LIBRARIES = YES;
				CODE_SIGN_STYLE = Automatic;
				DEVELOPMENT_TEAM = JBN38UMB62;
				INFOPLIST_FILE = SampleMVPUITests/Info.plist;
				LD_RUNPATH_SEARCH_PATHS = (
					"$(inherited)",
					"@executable_path/Frameworks",
					"@loader_path/Frameworks",
				);
				PRODUCT_BUNDLE_IDENTIFIER = jp.techacademy.toya.miura.SampleMVPUITests;
				PRODUCT_NAME = "$(TARGET_NAME)";
				SWIFT_VERSION = 5.0;
				TARGETED_DEVICE_FAMILY = "1,2";
				TEST_TARGET_NAME = SampleMVP;
			};
			name = Release;
		};
/* End XCBuildConfiguration section */

/* Begin XCConfigurationList section */
		B2005F79262BF07400133A0D /* Build configuration list for PBXProject "SampleMVP" */ = {
			isa = XCConfigurationList;
			buildConfigurations = (
				B2005FA6262BF07800133A0D /* Debug */,
				B2005FA7262BF07800133A0D /* Release */,
			);
			defaultConfigurationIsVisible = 0;
			defaultConfigurationName = Release;
		};
		B2005FA8262BF07800133A0D /* Build configuration list for PBXNativeTarget "SampleMVP" */ = {
			isa = XCConfigurationList;
			buildConfigurations = (
				B2005FA9262BF07800133A0D /* Debug */,
				B2005FAA262BF07800133A0D /* Release */,
			);
			defaultConfigurationIsVisible = 0;
			defaultConfigurationName = Release;
		};
		B2005FAB262BF07800133A0D /* Build configuration list for PBXNativeTarget "SampleMVPTests" */ = {
			isa = XCConfigurationList;
			buildConfigurations = (
				B2005FAC262BF07800133A0D /* Debug */,
				B2005FAD262BF07800133A0D /* Release */,
			);
			defaultConfigurationIsVisible = 0;
			defaultConfigurationName = Release;
		};
		B2005FAE262BF07800133A0D /* Build configuration list for PBXNativeTarget "SampleMVPUITests" */ = {
			isa = XCConfigurationList;
			buildConfigurations = (
				B2005FAF262BF07800133A0D /* Debug */,
				B2005FB0262BF07800133A0D /* Release */,
			);
			defaultConfigurationIsVisible = 0;
			defaultConfigurationName = Release;
		};
/* End XCConfigurationList section */
	};
	rootObject = B2005F76262BF07400133A0D /* Project object */;
}
